<?xml version="1.0" encoding="utf-8"?>
<Project ToolsVersion="4.0" xmlns="http://schemas.microsoft.com/developer/msbuild/2003">
  <ItemGroup>
    <Text Include="ReadMe.txt" />
  </ItemGroup>
  <ItemGroup>
    <Filter Include="Graphics">
      <UniqueIdentifier>{89ac4cdd-6508-461b-91d8-18b1c2197cc5}</UniqueIdentifier>
    </Filter>
    <Filter Include="Types">
      <UniqueIdentifier>{2b6a57d7-67b3-4eb8-8ed0-1b8a740d7380}</UniqueIdentifier>
    </Filter>
    <Filter Include="Utilities">
      <UniqueIdentifier>{6db86a6d-4097-46b4-9bbb-49996df3e302}</UniqueIdentifier>
    </Filter>
  </ItemGroup>
  <ItemGroup>
    <ClInclude Include="headers\Camera.h">
      <Filter>Graphics</Filter>
    </ClInclude>
    <ClInclude Include="headers\GraphicsManager.h">
      <Filter>Graphics</Filter>
    </ClInclude>
    <ClInclude Include="headers\RenderTarget.h">
      <Filter>Graphics</Filter>
    </ClInclude>
    <ClInclude Include="headers\Window.h">
      <Filter>Graphics</Filter>
    </ClInclude>
    <ClInclude Include="headers\DoublyLinkedList.h">
      <Filter>Types</Filter>
    </ClInclude>
    <ClInclude Include="headers\Lists.h">
      <Filter>Types</Filter>
    </ClInclude>
    <ClInclude Include="headers\Matrix.h">
      <Filter>Types</Filter>
    </ClInclude>
    <ClInclude Include="headers\SinglyLinkedList.h">
      <Filter>Types</Filter>
    </ClInclude>
    <ClInclude Include="headers\Types.h">
      <Filter>Types</Filter>
    </ClInclude>
    <ClInclude Include="headers\Vector2.h">
      <Filter>Types</Filter>
    </ClInclude>
    <ClInclude Include="headers\Vector3.h">
      <Filter>Types</Filter>
    </ClInclude>
    <ClInclude Include="headers\BlendStates.h">
      <Filter>Utilities</Filter>
    </ClInclude>
    <ClInclude Include="headers\Logger.h">
      <Filter>Utilities</Filter>
    </ClInclude>
  </ItemGroup>
  <ItemGroup>
    <ClCompile Include="src\GraphicsManager.cpp">
      <Filter>Graphics</Filter>
    </ClCompile>
    <ClCompile Include="src\RenderTarget.cpp">
      <Filter>Graphics</Filter>
    </ClCompile>
    <ClCompile Include="src\Window.cpp">
      <Filter>Graphics</Filter>
    </ClCompile>
    <ClCompile Include="src\Logger.cpp">
      <Filter>Utilities</Filter>
    </ClCompile>
    <ClCompile Include="src\Vector3.cpp">
      <Filter>Types</Filter>
    </ClCompile>
  </ItemGroup>
</Project>