<?xml version="1.0" encoding="utf-8"?>
<Project ToolsVersion="4.0" xmlns="http://schemas.microsoft.com/developer/msbuild/2003">
  <ItemGroup>
    <Text Include="ReadMe.txt" />
  </ItemGroup>
  <ItemGroup>
    <Filter Include="Utilities">
      <UniqueIdentifier>{b4c70ba1-cf05-41a3-a173-d755d19ecd86}</UniqueIdentifier>
    </Filter>
    <Filter Include="Resources">
      <UniqueIdentifier>{cd36103f-f3c6-4654-ad47-09e46667f47c}</UniqueIdentifier>
    </Filter>
    <Filter Include="Graphics">
      <UniqueIdentifier>{af486606-5d05-4b1a-89bb-25185822deee}</UniqueIdentifier>
    </Filter>
    <Filter Include="Graphics\Materials">
      <UniqueIdentifier>{bedd56f0-600c-4bc4-88e3-00ecef4a4e47}</UniqueIdentifier>
    </Filter>
    <Filter Include="Graphics\Particles">
      <UniqueIdentifier>{cada88c9-57c0-4acd-b77b-e3c7bcacb2a6}</UniqueIdentifier>
    </Filter>
    <Filter Include="Base">
      <UniqueIdentifier>{050cde82-99a7-4cf7-827f-62ccc5c3a2c5}</UniqueIdentifier>
    </Filter>
    <Filter Include="Base\Types">
      <UniqueIdentifier>{46f3221d-17c0-4049-a88a-32f99b97c1dc}</UniqueIdentifier>
    </Filter>
    <Filter Include="Base\Graphics">
      <UniqueIdentifier>{4acf6859-40de-473f-bb3a-d1d73a0f604b}</UniqueIdentifier>
    </Filter>
    <Filter Include="Base\Resources">
      <UniqueIdentifier>{8b05bf40-e7f5-4f60-bed3-beb4c3da6da0}</UniqueIdentifier>
    </Filter>
  </ItemGroup>
  <ItemGroup>
    <ClCompile Include="Graphics\Materials\BasicTexturedModelMaterial.cpp">
      <Filter>Graphics\Materials</Filter>
    </ClCompile>
    <ClCompile Include="Graphics\Materials\BasicTexturedParticleMaterial.cpp">
      <Filter>Graphics\Materials</Filter>
    </ClCompile>
    <ClCompile Include="Resources\GeometryShaderResource.cpp">
      <Filter>Resources</Filter>
    </ClCompile>
    <ClCompile Include="Resources\InputLayoutResource.cpp">
      <Filter>Resources</Filter>
    </ClCompile>
    <ClCompile Include="Resources\MaterialPresetResource.cpp">
      <Filter>Resources</Filter>
    </ClCompile>
    <ClCompile Include="Resources\ModelResource.cpp">
      <Filter>Resources</Filter>
    </ClCompile>
    <ClCompile Include="Resources\PixelShaderResource.cpp">
      <Filter>Resources</Filter>
    </ClCompile>
    <ClCompile Include="Resources\SamplerStateResource.cpp">
      <Filter>Resources</Filter>
    </ClCompile>
    <ClCompile Include="Resources\VertexShaderResource.cpp">
      <Filter>Resources</Filter>
    </ClCompile>
    <ClCompile Include="Utilities\Logger.cpp">
      <Filter>Utilities</Filter>
    </ClCompile>
    <ClCompile Include="Base\Types\Vector3.cpp">
      <Filter>Base\Types</Filter>
    </ClCompile>
    <ClCompile Include="Base\Graphics\GraphicsManager.cpp">
      <Filter>Base\Graphics</Filter>
    </ClCompile>
    <ClCompile Include="Base\Graphics\RenderTarget.cpp">
      <Filter>Base\Graphics</Filter>
    </ClCompile>
    <ClCompile Include="Base\Graphics\Window.cpp">
      <Filter>Base\Graphics</Filter>
    </ClCompile>
    <ClCompile Include="Base\Graphics\Mesh.cpp">
      <Filter>Base\Graphics</Filter>
    </ClCompile>
    <ClCompile Include="Base\Resources\ResourceManager.cpp">
      <Filter>Base\Resources</Filter>
    </ClCompile>
  </ItemGroup>
  <ItemGroup>
    <ClInclude Include="Graphics\Materials\BasicTexturedModelMaterial.h">
      <Filter>Graphics\Materials</Filter>
    </ClInclude>
    <ClInclude Include="Graphics\Materials\BasicTexturedParticleMaterial.h">
      <Filter>Graphics\Materials</Filter>
    </ClInclude>
    <ClInclude Include="Graphics\Particles\Emitter.h">
      <Filter>Graphics\Particles</Filter>
    </ClInclude>
    <ClInclude Include="Graphics\Particles\ParticleDataBuffer.h">
      <Filter>Graphics\Particles</Filter>
    </ClInclude>
    <ClInclude Include="Graphics\Particles\StatelessEmitter.h">
      <Filter>Graphics\Particles</Filter>
    </ClInclude>
    <ClInclude Include="Resources\GeometryShaderResource.h">
      <Filter>Resources</Filter>
    </ClInclude>
    <ClInclude Include="Resources\InputLayoutResource.h">
      <Filter>Resources</Filter>
    </ClInclude>
    <ClInclude Include="Resources\MaterialPresetResource.h">
      <Filter>Resources</Filter>
    </ClInclude>
    <ClInclude Include="Resources\ModelResource.h">
      <Filter>Resources</Filter>
    </ClInclude>
    <ClInclude Include="Resources\PixelShaderResource.h">
      <Filter>Resources</Filter>
    </ClInclude>
    <ClInclude Include="Resources\SamplerStateResource.h">
      <Filter>Resources</Filter>
    </ClInclude>
    <ClInclude Include="Resources\TextureResource.h">
      <Filter>Resources</Filter>
    </ClInclude>
    <ClInclude Include="Resources\VertexShaderResource.h">
      <Filter>Resources</Filter>
    </ClInclude>
    <ClInclude Include="Utilities\BlendStates.h">
      <Filter>Utilities</Filter>
    </ClInclude>
    <ClInclude Include="Utilities\Logger.h">
      <Filter>Utilities</Filter>
    </ClInclude>
    <ClInclude Include="Base\Types\DoublyLinkedList.h">
      <Filter>Base\Types</Filter>
    </ClInclude>
    <ClInclude Include="Base\Types\Lists.h">
      <Filter>Base\Types</Filter>
    </ClInclude>
    <ClInclude Include="Base\Types\Matrix.h">
      <Filter>Base\Types</Filter>
    </ClInclude>
    <ClInclude Include="Base\Types\SinglyLinkedList.h">
      <Filter>Base\Types</Filter>
    </ClInclude>
    <ClInclude Include="Base\Types\Vector2.h">
      <Filter>Base\Types</Filter>
    </ClInclude>
    <ClInclude Include="Base\Types\Vector3.h">
      <Filter>Base\Types</Filter>
    </ClInclude>
    <ClInclude Include="Base\Graphics\GraphicsManager.h">
      <Filter>Base\Graphics</Filter>
    </ClInclude>
    <ClInclude Include="Base\Graphics\RenderTarget.h">
      <Filter>Base\Graphics</Filter>
    </ClInclude>
    <ClInclude Include="Base\Graphics\Window.h">
      <Filter>Base\Graphics</Filter>
    </ClInclude>
    <ClInclude Include="Base\Graphics\Camera.h">
      <Filter>Base\Graphics</Filter>
    </ClInclude>
    <ClInclude Include="Base\Graphics\Mesh.h">
      <Filter>Base\Graphics</Filter>
    </ClInclude>
    <ClInclude Include="Base\Graphics\MeshDeclaration.h">
      <Filter>Base\Graphics</Filter>
    </ClInclude>
    <ClInclude Include="Base\Graphics\Model.h">
      <Filter>Base\Graphics</Filter>
    </ClInclude>
    <ClInclude Include="Base\Common.h">
      <Filter>Base</Filter>
    </ClInclude>
    <ClInclude Include="Base\Resources\Resource.h">
      <Filter>Base\Resources</Filter>
    </ClInclude>
    <ClInclude Include="Base\Resources\ResourceManager.h">
      <Filter>Base\Resources</Filter>
    </ClInclude>
  </ItemGroup>
</Project>